{
	"name": "FunWin",
	"version": "1.1.0",
	"lockfileVersion": 3,
	"requires": true,
	"packages": {
		"": {
			"version": "1.1.0",
			"dependencies": {
				"@fingerprintjs/fingerprintjs": "^4.5.0",
				"fingerprintjs2": "^2.1.4",
				"libphonenumber-js": "^1.11.8",
				"linq": "^4.0.2",
				"nativeshare": "^2.1.5",
				"swiper": "^11.1.15",
				"vue-seamless-scroll": "^1.1.23",
				"vuex-persistedstate": "^4.1.0"
			}
		},
		"node_modules/@babel/helper-string-parser": {
			"version": "7.25.7",
			"resolved": "https://registry.npmmirror.com/@babel/helper-string-parser/-/helper-string-parser-7.25.7.tgz",
			"integrity": "sha512-CbkjYdsJNHFk8uqpEkpCvRs3YRp9tY6FmFY7wLMSYuGYkrdUi7r2lc4/wqsvlHoMznX3WJ9IP8giGPq68T/Y6g==",
			"peer": true,
			"engines": {
				"node": ">=6.9.0"
			}
		},
		"node_modules/@babel/helper-validator-identifier": {
			"version": "7.25.7",
			"resolved": "https://registry.npmmirror.com/@babel/helper-validator-identifier/-/helper-validator-identifier-7.25.7.tgz",
			"integrity": "sha512-AM6TzwYqGChO45oiuPqwL2t20/HdMC1rTPAesnBCgPCSF1x3oN9MVUwQV2iyz4xqWrctwK5RNC8LV22kaQCNYg==",
			"peer": true,
			"engines": {
				"node": ">=6.9.0"
			}
		},
		"node_modules/@babel/parser": {
			"version": "7.25.8",
			"resolved": "https://registry.npmmirror.com/@babel/parser/-/parser-7.25.8.tgz",
			"integrity": "sha512-HcttkxzdPucv3nNFmfOOMfFf64KgdJVqm1KaCm25dPGMLElo9nsLvXeJECQg8UzPuBGLyTSA0ZzqCtDSzKTEoQ==",
			"peer": true,
			"dependencies": {
				"@babel/types": "^7.25.8"
			},
			"bin": {
				"parser": "bin/babel-parser.js"
			},
			"engines": {
				"node": ">=6.0.0"
			}
		},
		"node_modules/@babel/types": {
			"version": "7.25.8",
			"resolved": "https://registry.npmmirror.com/@babel/types/-/types-7.25.8.tgz",
			"integrity": "sha512-JWtuCu8VQsMladxVz/P4HzHUGCAwpuqacmowgXFs5XjxIgKuNjnLokQzuVjlTvIzODaDmpjT3oxcC48vyk9EWg==",
			"peer": true,
			"dependencies": {
				"@babel/helper-string-parser": "^7.25.7",
				"@babel/helper-validator-identifier": "^7.25.7",
				"to-fast-properties": "^2.0.0"
			},
			"engines": {
				"node": ">=6.9.0"
			}
		},
		"node_modules/@fingerprintjs/fingerprintjs": {
			"version": "4.5.0",
			"resolved": "https://registry.npmmirror.com/@fingerprintjs/fingerprintjs/-/fingerprintjs-4.5.0.tgz",
			"integrity": "sha512-mFSQoxyt8SGGRp1QUlhcnVtquW2HzCKfHKxAoIurR6soIJpuK3VvZuH0sg8eNaHH2dJhI3mZOEUx4k+P4GqXzw==",
			"dependencies": {
				"tslib": "^2.4.1"
			}
		},
		"node_modules/@jridgewell/sourcemap-codec": {
			"version": "1.5.0",
			"resolved": "https://registry.npmmirror.com/@jridgewell/sourcemap-codec/-/sourcemap-codec-1.5.0.tgz",
			"integrity": "sha512-gv3ZRaISU3fjPAgNsriBRqGWQL6quFx04YMPW/zD8XMLsU32mhCCbfbO6KZFLjvYpCZ8zyDEgqsgf+PwPaM7GQ==",
			"peer": true
		},
		"node_modules/@vue/compiler-core": {
			"version": "3.5.12",
			"resolved": "https://registry.npmmirror.com/@vue/compiler-core/-/compiler-core-3.5.12.tgz",
			"integrity": "sha512-ISyBTRMmMYagUxhcpyEH0hpXRd/KqDU4ymofPgl2XAkY9ZhQ+h0ovEZJIiPop13UmR/54oA2cgMDjgroRelaEw==",
			"peer": true,
			"dependencies": {
				"@babel/parser": "^7.25.3",
				"@vue/shared": "3.5.12",
				"entities": "^4.5.0",
				"estree-walker": "^2.0.2",
				"source-map-js": "^1.2.0"
			}
		},
		"node_modules/@vue/compiler-dom": {
			"version": "3.5.12",
			"resolved": "https://registry.npmmirror.com/@vue/compiler-dom/-/compiler-dom-3.5.12.tgz",
			"integrity": "sha512-9G6PbJ03uwxLHKQ3P42cMTi85lDRvGLB2rSGOiQqtXELat6uI4n8cNz9yjfVHRPIu+MsK6TE418Giruvgptckg==",
			"peer": true,
			"dependencies": {
				"@vue/compiler-core": "3.5.12",
				"@vue/shared": "3.5.12"
			}
		},
		"node_modules/@vue/compiler-sfc": {
			"version": "3.5.12",
			"resolved": "https://registry.npmmirror.com/@vue/compiler-sfc/-/compiler-sfc-3.5.12.tgz",
			"integrity": "sha512-2k973OGo2JuAa5+ZlekuQJtitI5CgLMOwgl94BzMCsKZCX/xiqzJYzapl4opFogKHqwJk34vfsaKpfEhd1k5nw==",
			"peer": true,
			"dependencies": {
				"@babel/parser": "^7.25.3",
				"@vue/compiler-core": "3.5.12",
				"@vue/compiler-dom": "3.5.12",
				"@vue/compiler-ssr": "3.5.12",
				"@vue/shared": "3.5.12",
				"estree-walker": "^2.0.2",
				"magic-string": "^0.30.11",
				"postcss": "^8.4.47",
				"source-map-js": "^1.2.0"
			}
		},
		"node_modules/@vue/compiler-ssr": {
			"version": "3.5.12",
			"resolved": "https://registry.npmmirror.com/@vue/compiler-ssr/-/compiler-ssr-3.5.12.tgz",
			"integrity": "sha512-eLwc7v6bfGBSM7wZOGPmRavSWzNFF6+PdRhE+VFJhNCgHiF8AM7ccoqcv5kBXA2eWUfigD7byekvf/JsOfKvPA==",
			"peer": true,
			"dependencies": {
				"@vue/compiler-dom": "3.5.12",
				"@vue/shared": "3.5.12"
			}
		},
		"node_modules/@vue/devtools-api": {
			"version": "6.6.4",
			"resolved": "https://registry.npmmirror.com/@vue/devtools-api/-/devtools-api-6.6.4.tgz",
			"integrity": "sha512-sGhTPMuXqZ1rVOk32RylztWkfXTRhuS7vgAKv0zjqk8gbsHkJ7xfFf+jbySxt7tWObEJwyKaHMikV/WGDiQm8g==",
			"peer": true
		},
		"node_modules/@vue/reactivity": {
			"version": "3.5.12",
			"resolved": "https://registry.npmmirror.com/@vue/reactivity/-/reactivity-3.5.12.tgz",
			"integrity": "sha512-UzaN3Da7xnJXdz4Okb/BGbAaomRHc3RdoWqTzlvd9+WBR5m3J39J1fGcHes7U3za0ruYn/iYy/a1euhMEHvTAg==",
			"peer": true,
			"dependencies": {
				"@vue/shared": "3.5.12"
			}
		},
		"node_modules/@vue/runtime-core": {
			"version": "3.5.12",
			"resolved": "https://registry.npmmirror.com/@vue/runtime-core/-/runtime-core-3.5.12.tgz",
			"integrity": "sha512-hrMUYV6tpocr3TL3Ad8DqxOdpDe4zuQY4HPY3X/VRh+L2myQO8MFXPAMarIOSGNu0bFAjh1yBkMPXZBqCk62Uw==",
			"peer": true,
			"dependencies": {
				"@vue/reactivity": "3.5.12",
				"@vue/shared": "3.5.12"
			}
		},
		"node_modules/@vue/runtime-dom": {
			"version": "3.5.12",
			"resolved": "https://registry.npmmirror.com/@vue/runtime-dom/-/runtime-dom-3.5.12.tgz",
			"integrity": "sha512-q8VFxR9A2MRfBr6/55Q3umyoN7ya836FzRXajPB6/Vvuv0zOPL+qltd9rIMzG/DbRLAIlREmnLsplEF/kotXKA==",
			"peer": true,
			"dependencies": {
				"@vue/reactivity": "3.5.12",
				"@vue/runtime-core": "3.5.12",
				"@vue/shared": "3.5.12",
				"csstype": "^3.1.3"
			}
		},
		"node_modules/@vue/server-renderer": {
			"version": "3.5.12",
			"resolved": "https://registry.npmmirror.com/@vue/server-renderer/-/server-renderer-3.5.12.tgz",
			"integrity": "sha512-I3QoeDDeEPZm8yR28JtY+rk880Oqmj43hreIBVTicisFTx/Dl7JpG72g/X7YF8hnQD3IFhkky5i2bPonwrTVPg==",
			"peer": true,
			"dependencies": {
				"@vue/compiler-ssr": "3.5.12",
				"@vue/shared": "3.5.12"
			},
			"peerDependencies": {
				"vue": "3.5.12"
			}
		},
		"node_modules/@vue/shared": {
			"version": "3.5.12",
			"resolved": "https://registry.npmmirror.com/@vue/shared/-/shared-3.5.12.tgz",
			"integrity": "sha512-L2RPSAwUFbgZH20etwrXyVyCBu9OxRSi8T/38QsvnkJyvq2LufW2lDCOzm7t/U9C1mkhJGWYfCuFBCmIuNivrg==",
			"peer": true
		},
		"node_modules/comutils": {
			"version": "1.1.19",
			"resolved": "https://registry.npmjs.org/comutils/-/comutils-1.1.19.tgz",
			"integrity": "sha512-JxXB67juILiwhdLwOsYyjUqwWEhHdObI0EClOPk+JDtEuTbac59s0pxGpfCBnNNQ5JommifmcMGneW/4Cg7YWw=="
		},
		"node_modules/csstype": {
			"version": "3.1.3",
			"resolved": "https://registry.npmmirror.com/csstype/-/csstype-3.1.3.tgz",
			"integrity": "sha512-M1uQkMl8rQK/szD0LNhtqxIPLpimGm8sOBwU7lLnCpSbTyY3yeU1Vc7l4KT5zT4s/yOxHH5O7tIuuLOCnLADRw==",
			"peer": true
		},
		"node_modules/deepmerge": {
			"version": "4.3.1",
			"resolved": "https://registry.npmjs.org/deepmerge/-/deepmerge-4.3.1.tgz",
			"integrity": "sha512-3sUqbMEc77XqpdNO7FRyRog+eW3ph+GYCbj+rK+uYyRMuwsVy0rMiVtPn+QJlKFvWP/1PYpapqYn0Me2knFn+A==",
			"engines": {
				"node": ">=0.10.0"
			}
		},
		"node_modules/entities": {
			"version": "4.5.0",
			"resolved": "https://registry.npmmirror.com/entities/-/entities-4.5.0.tgz",
			"integrity": "sha512-V0hjH4dGPh9Ao5p0MoRY6BVqtwCjhz6vI5LT8AJ55H+4g9/4vbHx1I54fS0XuclLhDHArPQCiMjDxjaL8fPxhw==",
			"peer": true,
			"engines": {
				"node": ">=0.12"
			},
			"funding": {
				"url": "https://github.com/fb55/entities?sponsor=1"
			}
		},
		"node_modules/estree-walker": {
			"version": "2.0.2",
			"resolved": "https://registry.npmmirror.com/estree-walker/-/estree-walker-2.0.2.tgz",
			"integrity": "sha512-Rfkk/Mp/DL7JVje3u18FxFujQlTNR2q6QfMSMB7AvCBx91NGj/ba3kCfza0f6dVDbw7YlRf/nDrn7pQrCCyQ/w==",
			"peer": true
		},
		"node_modules/fingerprintjs2": {
			"version": "2.1.4",
			"resolved": "https://registry.npmjs.org/fingerprintjs2/-/fingerprintjs2-2.1.4.tgz",
			"integrity": "sha512-veP2yVsnYvjDVkzZMyIEwpqCAQfsBLH+U4PK5MlFAnLjZrttbdRqEArE1fPcnJFz5oS5CrdONbsV7J6FGpIJEQ==",
			"deprecated": "Package has been renamed to @fingerprintjs/fingerprintjs. Install @fingerprintjs/fingerprintjs to get updates."
		},
		"node_modules/libphonenumber-js": {
			"version": "1.11.8",
			"resolved": "https://registry.npmjs.org/libphonenumber-js/-/libphonenumber-js-1.11.8.tgz",
			"integrity": "sha512-0fv/YKpJBAgXKy0kaS3fnqoUVN8901vUYAKIGD/MWZaDfhJt1nZjPL3ZzdZBt/G8G8Hw2J1xOIrXWdNHFHPAvg=="
		},
		"node_modules/linq": {
			"version": "4.0.2",
			"resolved": "https://registry.npmjs.org/linq/-/linq-4.0.2.tgz",
			"integrity": "sha512-aC2gfJgXgq97QVFuBRfD8pW1L21NYeC9sSomvX37ROSnqDFH98od96CfH61V28SN/OGjTCvxTCnHqW8ti02WDQ==",
			"engines": {
				"node": "*"
			}
		},
		"node_modules/magic-string": {
			"version": "0.30.12",
			"resolved": "https://registry.npmmirror.com/magic-string/-/magic-string-0.30.12.tgz",
			"integrity": "sha512-Ea8I3sQMVXr8JhN4z+H/d8zwo+tYDgHE9+5G4Wnrwhs0gaK9fXTKx0Tw5Xwsd/bCPTTZNRAdpyzvoeORe9LYpw==",
			"peer": true,
			"dependencies": {
				"@jridgewell/sourcemap-codec": "^1.5.0"
			}
		},
		"node_modules/nanoid": {
			"version": "3.3.8",
			"resolved": "https://registry.npmjs.org/nanoid/-/nanoid-3.3.8.tgz",
			"integrity": "sha512-WNLf5Sd8oZxOm+TzppcYk8gVOgP+l58xNy58D0nbUnOxOWRWvlcCV4kUF7ltmI6PsrLl/BgKEyS4mqsGChFN0w==",
			"funding": [
				{
					"type": "github",
					"url": "https://github.com/sponsors/ai"
				}
			],
			"license": "MIT",
			"peer": true,
			"bin": {
				"nanoid": "bin/nanoid.cjs"
			},
			"engines": {
				"node": "^10 || ^12 || ^13.7 || ^14 || >=15.0.1"
			}
		},
		"node_modules/nativeshare": {
			"version": "2.1.5",
			"resolved": "https://registry.npmjs.org/nativeshare/-/nativeshare-2.1.5.tgz",
			"integrity": "sha512-fuk7rjpWxAGXjbi8ROJDaf/+6N2WYGfAiZDT+f0pRnOsC3+ame+KvWguQmbNGj2826SgU3XJeNR3IAq1Td324A=="
		},
		"node_modules/picocolors": {
			"version": "1.1.1",
			"resolved": "https://registry.npmmirror.com/picocolors/-/picocolors-1.1.1.tgz",
			"integrity": "sha512-xceH2snhtb5M9liqDsmEw56le376mTZkEX/jEb/RxNFyegNul7eNslCXP9FDj/Lcu0X8KEyMceP2ntpaHrDEVA==",
			"peer": true
		},
		"node_modules/postcss": {
			"version": "8.4.47",
			"resolved": "https://registry.npmmirror.com/postcss/-/postcss-8.4.47.tgz",
			"integrity": "sha512-56rxCq7G/XfB4EkXq9Egn5GCqugWvDFjafDOThIdMBsI15iqPqR5r15TfSr1YPYeEI19YeaXMCbY6u88Y76GLQ==",
			"funding": [
				{
					"type": "opencollective",
					"url": "https://opencollective.com/postcss/"
				},
				{
					"type": "tidelift",
					"url": "https://tidelift.com/funding/github/npm/postcss"
				},
				{
					"type": "github",
					"url": "https://github.com/sponsors/ai"
				}
			],
			"peer": true,
			"dependencies": {
				"nanoid": "^3.3.7",
				"picocolors": "^1.1.0",
				"source-map-js": "^1.2.1"
			},
			"engines": {
				"node": "^10 || ^12 || >=14"
			}
		},
		"node_modules/shvl": {
			"version": "2.0.3",
			"resolved": "https://registry.npmjs.org/shvl/-/shvl-2.0.3.tgz",
			"integrity": "sha512-V7C6S9Hlol6SzOJPnQ7qzOVEWUQImt3BNmmzh40wObhla3XOYMe4gGiYzLrJd5TFa+cI2f9LKIRJTTKZSTbWgw==",
			"deprecated": "older versions vulnerable to prototype pollution"
		},
		"node_modules/source-map-js": {
			"version": "1.2.1",
			"resolved": "https://registry.npmmirror.com/source-map-js/-/source-map-js-1.2.1.tgz",
			"integrity": "sha512-UXWMKhLOwVKb728IUtQPXxfYU+usdybtUrK/8uGE8CQMvrhOpwvzDBwj0QhSL7MQc7vIsISBG8VQ8+IDQxpfQA==",
			"peer": true,
			"engines": {
				"node": ">=0.10.0"
			}
		},
		"node_modules/swiper": {
			"version": "11.1.15",
			"resolved": "https://registry.npmjs.org/swiper/-/swiper-11.1.15.tgz",
			"integrity": "sha512-IzWeU34WwC7gbhjKsjkImTuCRf+lRbO6cnxMGs88iVNKDwV+xQpBCJxZ4bNH6gSrIbbyVJ1kuGzo3JTtz//CBw==",
			"funding": [
				{
					"type": "patreon",
					"url": "https://www.patreon.com/swiperjs"
				},
				{
					"type": "open_collective",
					"url": "http://opencollective.com/swiper"
				}
			],
			"license": "MIT",
			"engines": {
				"node": ">= 4.7.0"
			}
		},
		"node_modules/to-fast-properties": {
			"version": "2.0.0",
			"resolved": "https://registry.npmmirror.com/to-fast-properties/-/to-fast-properties-2.0.0.tgz",
			"integrity": "sha512-/OaKK0xYrs3DmxRYqL/yDc+FxFUVYhDlXMhRmv3z915w2HF1tnN1omB354j8VUGO/hbRzyD6Y3sA7v7GS/ceog==",
			"peer": true,
			"engines": {
				"node": ">=4"
			}
		},
		"node_modules/tslib": {
			"version": "2.7.0",
			"resolved": "https://registry.npmmirror.com/tslib/-/tslib-2.7.0.tgz",
			"integrity": "sha512-gLXCKdN1/j47AiHiOkJN69hJmcbGTHI0ImLmbYLHykhgeN0jVGola9yVjFgzCUklsZQMW55o+dW7IXv3RCXDzA=="
		},
		"node_modules/vue": {
			"version": "3.5.12",
			"resolved": "https://registry.npmmirror.com/vue/-/vue-3.5.12.tgz",
			"integrity": "sha512-CLVZtXtn2ItBIi/zHZ0Sg1Xkb7+PU32bJJ8Bmy7ts3jxXTcbfsEfBivFYYWz1Hur+lalqGAh65Coin0r+HRUfg==",
			"peer": true,
			"dependencies": {
				"@vue/compiler-dom": "3.5.12",
				"@vue/compiler-sfc": "3.5.12",
				"@vue/runtime-dom": "3.5.12",
				"@vue/server-renderer": "3.5.12",
				"@vue/shared": "3.5.12"
			},
			"peerDependencies": {
				"typescript": "*"
			},
			"peerDependenciesMeta": {
				"typescript": {
					"optional": true
				}
			}
		},
		"node_modules/vue-seamless-scroll": {
			"version": "1.1.23",
			"resolved": "https://registry.npmjs.org/vue-seamless-scroll/-/vue-seamless-scroll-1.1.23.tgz",
			"integrity": "sha512-HBjUub8WwsKJzbFCrwKPDrZn4e+SSbkKgwWtjKtfLwesiFGwSsVxP44/Z6d3kpXy94qIFOiflJH6l0/9pj7SGA==",
			"dependencies": {
				"comutils": "^1.1.9"
			}
		},
		"node_modules/vuex": {
			"version": "4.1.0",
			"resolved": "https://registry.npmmirror.com/vuex/-/vuex-4.1.0.tgz",
			"integrity": "sha512-hmV6UerDrPcgbSy9ORAtNXDr9M4wlNP4pEFKye4ujJF8oqgFFuxDCdOLS3eNoRTtq5O3hoBDh9Doj1bQMYHRbQ==",
			"peer": true,
			"dependencies": {
				"@vue/devtools-api": "^6.0.0-beta.11"
			},
			"peerDependencies": {
				"vue": "^3.2.0"
			}
		},
		"node_modules/vuex-persistedstate": {
			"version": "4.1.0",
			"resolved": "https://registry.npmjs.org/vuex-persistedstate/-/vuex-persistedstate-4.1.0.tgz",
			"integrity": "sha512-3SkEj4NqwM69ikJdFVw6gObeB0NHyspRYMYkR/EbhR0hbvAKyR5gksVhtAfY1UYuWUOCCA0QNGwv9pOwdj+XUQ==",
			"deprecated": "Package no longer supported. Contact Support at https://www.npmjs.com/support for more info.",
			"dependencies": {
				"deepmerge": "^4.2.2",
				"shvl": "^2.0.3"
			},
			"peerDependencies": {
				"vuex": "^3.0 || ^4.0.0-rc"
			}
		}
	}
}
